
Microsoft Visual Studio Solution File, Format Version 12.00
# Visual Studio 15
VisualStudioVersion = 15.0.28010.2036
MinimumVisualStudioVersion = 10.0.40219.1
Project("{FAE04EC0-301F-11D3-BF4B-00C04F79EFBC}") = "RestWhitASPNETUdemy", "RestWhitASPNETUdemy\RestWhitASPNETUdemy.csproj", "{1780DA55-D003-48DB-943D-7508A0A40F3A}"
EndProject
Global
	GlobalSection(SolutionConfigurationPlatforms) = preSolution
		Debug|Any CPU = Debug|Any CPU
		Release|Any CPU = Release|Any CPU
	EndGlobalSection
	GlobalSection(ProjectConfigurationPlatforms) = postSolution
		{1780DA55-D003-48DB-943D-7508A0A40F3A}.Debug|Any CPU.ActiveCfg = Debug|Any CPU
		{1780DA55-D003-48DB-943D-7508A0A40F3A}.Debug|Any CPU.Build.0 = Debug|Any CPU
		{1780DA55-D003-48DB-943D-7508A0A40F3A}.Release|Any CPU.ActiveCfg = Release|Any CPU
		{1780DA55-D003-48DB-943D-7508A0A40F3A}.Release|Any CPU.Build.0 = Release|Any CPU
	EndGlobalSection
	GlobalSection(SolutionProperties) = preSolution
		HideSolutionNode = FALSE
	EndGlobalSection
	GlobalSection(ExtensibilityGlobals) = postSolution
		SolutionGuid = {95796021-19FA-4074-84B1-587E3642DC7D}
	EndGlobalSection
EndGlobal
